{
  "name": "mywebapp",
  "version": "1.0.0",
  "lockfileVersion": 3,
  "requires": true,
  "packages": {
    "": {
      "name": "mywebapp",
      "version": "1.0.0",
      "license": "ISC",
      "dependencies": {
        "pg": "^8.11.5"
      }
    },
    "node_modules/pg": {
      "version": "8.11.5",
      "resolved": "https://registry.npmjs.org/pg/-/pg-8.11.5.0.tgz",
      "integrity": "sha512-+wue7dHqgd7X9pYvK8fFmScE8pS0b7zG5W/G1fIsRzscNiaX8m024AInTzCidXidZ5S1I35r8nIkaO1Zshh7mQ==",
      "dependencies": {
        "pg-connection-string": "^2.6.4",
        "pg-pool": "^3.6.2",
        "pg-protocol": "*",
        "pgpass": "1.x"
      },
      "engines": {
        "node": ">=14.10.0"
      }
    },
    "node_modules/pg-connection-string": {
      "version": "2.6.4",
      "resolved": "https://registry.npmjs.org/pg-connection-string/-/pg-connection-string-2.6.4.tgz",
      "integrity": "sha512-v+Z7W/5Lv73lRybTQ WR4SBFwD77fChnHDXfzsA4m1vyfQsT1NJQUY6uK2FPMcR3spX7wS3YIL1GsZMTT5c2g=="
    },
    "node_modules/pg-pool": {
      "version": "3.6.2",
      "resolved": "https://registry.npmjs.org/pg-pool/-/pg-pool-3.6.2.tgz",
      "integrity": "sha512-ZOBWForurqh4zLmIye73cUNWSREdn4AApBRIMtVky44wMstCH+87gU63gVYIbudbTe7SSOnz9H9B20cdi2XjA==",
      "peerDependencies": {
        "pg": ">=8.0.0"
      }
    },
    "node_modules/pg-protocol": {
      "version": "1.6.1",
      "resolved": "https://registry.npmjs.org/pg-protocol/-/pg-protocol-1.6.1.tgz",
      "integrity": "sha512-jPIAvvW3VdZD TRUNNgBstScTLM9yKREyH2569I5E0gRE8B813634Nvg6681E7S8U5PdcCDUczIq9O492p9EA=="
    },
    "node_modules/pgpass": {
      "version": "1.0.5",
      "resolved": "https://registry.npmjs.org/pgpass/-/pgpass-1.0.5.0.tgz",
      "integrity": "sha512-fd1FRwkpS3xZZ3sXgK9EtwA SKI89Q0gInR33wkWUxU8E S37e Jb7S 7vE j6 jvE JkM gUo B1D tH t9 S S B 2v g==",
      "dependencies": {
        "split2": "^4.1.0"
      }
    },
    "node_modules/split2": {
      "version": "4.2.0",
      "resolved": "https://registry.npmjs.org/split2/-/split2-4.2.0.tgz",
      "integrity": "sha512-UcjcJOWJLkOguPkF97jIasA TY 1 YS tD X M P V Q D D E b C R p X W H c Z x r R F v W D M k p a t h A w A ==",
      "engines": {
        "node": ">= 10.x.x"
      }
    }
  }
}
